
Microsoft Visual Studio Solution File, Format Version 12.00
# Visual Studio Version 17
VisualStudioVersion = 17.7.34003.232
MinimumVisualStudioVersion = 10.0.40219.1
Project("{FAE04EC0-301F-11D3-BF4B-00C04F79EFBC}") = "StudentProject", "StudentProject.csproj", "{4377DF3F-0BB4-4882-B24C-161656E3C079}"
EndProject
Global
	GlobalSection(SolutionConfigurationPlatforms) = preSolution
		Debug|Any CPU = Debug|Any CPU
		Release|Any CPU = Release|Any CPU
	EndGlobalSection
	GlobalSection(ProjectConfigurationPlatforms) = postSolution
		{4377DF3F-0BB4-4882-B24C-161656E3C079}.Debug|Any CPU.ActiveCfg = Debug|Any CPU
		{4377DF3F-0BB4-4882-B24C-161656E3C079}.Debug|Any CPU.Build.0 = Debug|Any CPU
		{4377DF3F-0BB4-4882-B24C-161656E3C079}.Release|Any CPU.ActiveCfg = Release|Any CPU
		{4377DF3F-0BB4-4882-B24C-161656E3C079}.Release|Any CPU.Build.0 = Release|Any CPU
	EndGlobalSection
	GlobalSection(SolutionProperties) = preSolution
		HideSolutionNode = FALSE
	EndGlobalSection
	GlobalSection(ExtensibilityGlobals) = postSolution
		SolutionGuid = {DB7A94A3-BE27-4AAE-91A8-12FEC869F1BB}
	EndGlobalSection
EndGlobal
